
Microsoft Visual Studio Solution File, Format Version 12.00
# Visual Studio Version 17
VisualStudioVersion = 17.11.35219.272
MinimumVisualStudioVersion = 10.0.40219.1
Project("{FAE04EC0-301F-11D3-BF4B-00C04F79EFBC}") = "TaskHive_API_Gateway", "TaskHive_API_Gateway\TaskHive_API_Gateway.csproj", "{95833302-64C5-4821-A0E5-F5801FE2D24D}"
EndProject
Global
	GlobalSection(SolutionConfigurationPlatforms) = preSolution
		Debug|Any CPU = Debug|Any CPU
		Release|Any CPU = Release|Any CPU
	EndGlobalSection
	GlobalSection(ProjectConfigurationPlatforms) = postSolution
		{95833302-64C5-4821-A0E5-F5801FE2D24D}.Debug|Any CPU.ActiveCfg = Debug|Any CPU
		{95833302-64C5-4821-A0E5-F5801FE2D24D}.Debug|Any CPU.Build.0 = Debug|Any CPU
		{95833302-64C5-4821-A0E5-F5801FE2D24D}.Release|Any CPU.ActiveCfg = Release|Any CPU
		{95833302-64C5-4821-A0E5-F5801FE2D24D}.Release|Any CPU.Build.0 = Release|Any CPU
	EndGlobalSection
	GlobalSection(SolutionProperties) = preSolution
		HideSolutionNode = FALSE
	EndGlobalSection
	GlobalSection(ExtensibilityGlobals) = postSolution
		SolutionGuid = {464C3BD7-0AB2-4481-A1DD-073FD855E248}
	EndGlobalSection
EndGlobal
